# This file was autogenerated by Stack.
# You should not edit this file by hand.
# For more information, please see the documentation at:
#   https://docs.haskellstack.org/en/stable/lock_files

packages: []
snapshots:
- completed:
    sha256: 91195434dbc6e4d745301c865e94b798e771db5539625571a19adf6ed4c5e39e
    size: 600986
    url: https://raw.githubusercontent.com/commercialhaskell/stackage-snapshots/master/nightly/2023/4/5.yaml
  original: nightly-2023-04-05
